// !$*UTF8*$!
{
	archiveVersion = 1;
	classes = {
	};
	objectVersion = 55;
	objects = {

/* Begin PBXBuildFile section */
		70370F17281DEFB500C7E7F7 /* UIButton+CAAnimation.swift in Sources */ = {isa = PBXBuildFile; fileRef = 70370F16281DEFB500C7E7F7 /* UIButton+CAAnimation.swift */; };
		703A0C112809274D00CF7076 /* ImageCache.swift in Sources */ = {isa = PBXBuildFile; fileRef = 703A0C102809274D00CF7076 /* ImageCache.swift */; };
		70519C132800217700FA33B3 /* AppDelegate.swift in Sources */ = {isa = PBXBuildFile; fileRef = 70519C122800217700FA33B3 /* AppDelegate.swift */; };
		70519C152800217700FA33B3 /* SceneDelegate.swift in Sources */ = {isa = PBXBuildFile; fileRef = 70519C142800217700FA33B3 /* SceneDelegate.swift */; };
		70519C172800217700FA33B3 /* MainViewController.swift in Sources */ = {isa = PBXBuildFile; fileRef = 70519C162800217700FA33B3 /* MainViewController.swift */; };
		70519C1A2800217700FA33B3 /* Main.storyboard in Resources */ = {isa = PBXBuildFile; fileRef = 70519C182800217700FA33B3 /* Main.storyboard */; };
		70519C1C2800217900FA33B3 /* Assets.xcassets in Resources */ = {isa = PBXBuildFile; fileRef = 70519C1B2800217900FA33B3 /* Assets.xcassets */; };
		70519C1F2800217900FA33B3 /* LaunchScreen.storyboard in Resources */ = {isa = PBXBuildFile; fileRef = 70519C1D2800217900FA33B3 /* LaunchScreen.storyboard */; };
		70519C2B2800265C00FA33B3 /* ImageGalleryViewController.swift in Sources */ = {isa = PBXBuildFile; fileRef = 70519C2A2800265C00FA33B3 /* ImageGalleryViewController.swift */; };
		70519C2F28009B7A00FA33B3 /* NetworkManager.swift in Sources */ = {isa = PBXBuildFile; fileRef = 70519C2E28009B7A00FA33B3 /* NetworkManager.swift */; };
		70519C3228009D1C00FA33B3 /* Image.swift in Sources */ = {isa = PBXBuildFile; fileRef = 70519C3128009D1C00FA33B3 /* Image.swift */; };
		70519C362800AEE700FA33B3 /* CustomCell.swift in Sources */ = {isa = PBXBuildFile; fileRef = 70519C352800AEE700FA33B3 /* CustomCell.swift */; };
		709FA0EC280168F600240C9B /* AuthorInfoViewController.swift in Sources */ = {isa = PBXBuildFile; fileRef = 709FA0EB280168F600240C9B /* AuthorInfoViewController.swift */; };
		709FA0F028019C9B00240C9B /* RandomImageViewController.swift in Sources */ = {isa = PBXBuildFile; fileRef = 709FA0EF28019C9B00240C9B /* RandomImageViewController.swift */; };
		70CB2D35281DF25C0069FB14 /* UIVIew+CAAnimation.swift in Sources */ = {isa = PBXBuildFile; fileRef = 70CB2D34281DF25C0069FB14 /* UIVIew+CAAnimation.swift */; };
		70E37CB2280AFF6E00427515 /* PopupViewController.swift in Sources */ = {isa = PBXBuildFile; fileRef = 70E37CB1280AFF6E00427515 /* PopupViewController.swift */; };
/* End PBXBuildFile section */

/* Begin PBXFileReference section */
		70370F16281DEFB500C7E7F7 /* UIButton+CAAnimation.swift */ = {isa = PBXFileReference; lastKnownFileType = sourcecode.swift; path = "UIButton+CAAnimation.swift"; sourceTree = "<group>"; };
		703A0C102809274D00CF7076 /* ImageCache.swift */ = {isa = PBXFileReference; lastKnownFileType = sourcecode.swift; path = ImageCache.swift; sourceTree = "<group>"; };
		70519C0F2800217700FA33B3 /* NetworkingApp.app */ = {isa = PBXFileReference; explicitFileType = wrapper.application; includeInIndex = 0; path = NetworkingApp.app; sourceTree = BUILT_PRODUCTS_DIR; };
		70519C122800217700FA33B3 /* AppDelegate.swift */ = {isa = PBXFileReference; lastKnownFileType = sourcecode.swift; path = AppDelegate.swift; sourceTree = "<group>"; };
		70519C142800217700FA33B3 /* SceneDelegate.swift */ = {isa = PBXFileReference; lastKnownFileType = sourcecode.swift; path = SceneDelegate.swift; sourceTree = "<group>"; };
		70519C162800217700FA33B3 /* MainViewController.swift */ = {isa = PBXFileReference; lastKnownFileType = sourcecode.swift; path = MainViewController.swift; sourceTree = "<group>"; };
		70519C192800217700FA33B3 /* Base */ = {isa = PBXFileReference; lastKnownFileType = file.storyboard; name = Base; path = Base.lproj/Main.storyboard; sourceTree = "<group>"; };
		70519C1B2800217900FA33B3 /* Assets.xcassets */ = {isa = PBXFileReference; lastKnownFileType = folder.assetcatalog; path = Assets.xcassets; sourceTree = "<group>"; };
		70519C1E2800217900FA33B3 /* Base */ = {isa = PBXFileReference; lastKnownFileType = file.storyboard; name = Base; path = Base.lproj/LaunchScreen.storyboard; sourceTree = "<group>"; };
		70519C202800217900FA33B3 /* Info.plist */ = {isa = PBXFileReference; lastKnownFileType = text.plist.xml; path = Info.plist; sourceTree = "<group>"; };
		70519C2A2800265C00FA33B3 /* ImageGalleryViewController.swift */ = {isa = PBXFileReference; lastKnownFileType = sourcecode.swift; path = ImageGalleryViewController.swift; sourceTree = "<group>"; };
		70519C2E28009B7A00FA33B3 /* NetworkManager.swift */ = {isa = PBXFileReference; lastKnownFileType = sourcecode.swift; path = NetworkManager.swift; sourceTree = "<group>"; };
		70519C3128009D1C00FA33B3 /* Image.swift */ = {isa = PBXFileReference; lastKnownFileType = sourcecode.swift; path = Image.swift; sourceTree = "<group>"; };
		70519C352800AEE700FA33B3 /* CustomCell.swift */ = {isa = PBXFileReference; lastKnownFileType = sourcecode.swift; path = CustomCell.swift; sourceTree = "<group>"; };
		709FA0EB280168F600240C9B /* AuthorInfoViewController.swift */ = {isa = PBXFileReference; lastKnownFileType = sourcecode.swift; path = AuthorInfoViewController.swift; sourceTree = "<group>"; };
		709FA0EF28019C9B00240C9B /* RandomImageViewController.swift */ = {isa = PBXFileReference; lastKnownFileType = sourcecode.swift; path = RandomImageViewController.swift; sourceTree = "<group>"; };
		70CB2D34281DF25C0069FB14 /* UIVIew+CAAnimation.swift */ = {isa = PBXFileReference; lastKnownFileType = sourcecode.swift; path = "UIVIew+CAAnimation.swift"; sourceTree = "<group>"; };
		70E37CB1280AFF6E00427515 /* PopupViewController.swift */ = {isa = PBXFileReference; lastKnownFileType = sourcecode.swift; path = PopupViewController.swift; sourceTree = "<group>"; };
/* End PBXFileReference section */

/* Begin PBXFrameworksBuildPhase section */
		70519C0C2800217700FA33B3 /* Frameworks */ = {
			isa = PBXFrameworksBuildPhase;
			buildActionMask = 2147483647;
			files = (
			);
			runOnlyForDeploymentPostprocessing = 0;
		};
/* End PBXFrameworksBuildPhase section */

/* Begin PBXGroup section */
		70424668280BE27A005F35E7 /* Extensions */ = {
			isa = PBXGroup;
			children = (
				70370F16281DEFB500C7E7F7 /* UIButton+CAAnimation.swift */,
				70CB2D34281DF25C0069FB14 /* UIVIew+CAAnimation.swift */,
			);
			path = Extensions;
			sourceTree = "<group>";
		};
		70519C062800217700FA33B3 = {
			isa = PBXGroup;
			children = (
				70519C112800217700FA33B3 /* NetworkingApp */,
				70519C102800217700FA33B3 /* Products */,
			);
			sourceTree = "<group>";
		};
		70519C102800217700FA33B3 /* Products */ = {
			isa = PBXGroup;
			children = (
				70519C0F2800217700FA33B3 /* NetworkingApp.app */,
			);
			name = Products;
			sourceTree = "<group>";
		};
		70519C112800217700FA33B3 /* NetworkingApp */ = {
			isa = PBXGroup;
			children = (
				70424668280BE27A005F35E7 /* Extensions */,
				70519C3028009D1300FA33B3 /* Models */,
				70519C2D28009B6A00FA33B3 /* Services */,
				70519C26280023F000FA33B3 /* App */,
				70519C272800241C00FA33B3 /* ViewControllers */,
				70519C282800242300FA33B3 /* Storyboards */,
				70519C292800242C00FA33B3 /* Resources */,
			);
			path = NetworkingApp;
			sourceTree = "<group>";
		};
		70519C26280023F000FA33B3 /* App */ = {
			isa = PBXGroup;
			children = (
				70519C122800217700FA33B3 /* AppDelegate.swift */,
				70519C142800217700FA33B3 /* SceneDelegate.swift */,
				70519C202800217900FA33B3 /* Info.plist */,
			);
			path = App;
			sourceTree = "<group>";
		};
		70519C272800241C00FA33B3 /* ViewControllers */ = {
			isa = PBXGroup;
			children = (
				70519C162800217700FA33B3 /* MainViewController.swift */,
				70519C2A2800265C00FA33B3 /* ImageGalleryViewController.swift */,
				70519C352800AEE700FA33B3 /* CustomCell.swift */,
				709FA0EB280168F600240C9B /* AuthorInfoViewController.swift */,
				709FA0EF28019C9B00240C9B /* RandomImageViewController.swift */,
				70E37CB1280AFF6E00427515 /* PopupViewController.swift */,
			);
			path = ViewControllers;
			sourceTree = "<group>";
		};
		70519C282800242300FA33B3 /* Storyboards */ = {
			isa = PBXGroup;
			children = (
				70519C182800217700FA33B3 /* Main.storyboard */,
				70519C1D2800217900FA33B3 /* LaunchScreen.storyboard */,
			);
			path = Storyboards;
			sourceTree = "<group>";
		};
		70519C292800242C00FA33B3 /* Resources */ = {
			isa = PBXGroup;
			children = (
				70519C1B2800217900FA33B3 /* Assets.xcassets */,
			);
			path = Resources;
			sourceTree = "<group>";
		};
		70519C2D28009B6A00FA33B3 /* Services */ = {
			isa = PBXGroup;
			children = (
				70519C2E28009B7A00FA33B3 /* NetworkManager.swift */,
				703A0C102809274D00CF7076 /* ImageCache.swift */,
			);
			path = Services;
			sourceTree = "<group>";
		};
		70519C3028009D1300FA33B3 /* Models */ = {
			isa = PBXGroup;
			children = (
				70519C3128009D1C00FA33B3 /* Image.swift */,
			);
			path = Models;
			sourceTree = "<group>";
		};
/* End PBXGroup section */

/* Begin PBXNativeTarget section */
		70519C0E2800217700FA33B3 /* NetworkingApp */ = {
			isa = PBXNativeTarget;
			buildConfigurationList = 70519C232800217900FA33B3 /* Build configuration list for PBXNativeTarget "NetworkingApp" */;
			buildPhases = (
				70519C0B2800217700FA33B3 /* Sources */,
				70519C0C2800217700FA33B3 /* Frameworks */,
				70519C0D2800217700FA33B3 /* Resources */,
			);
			buildRules = (
			);
			dependencies = (
			);
			name = NetworkingApp;
			packageProductDependencies = (
			);
			productName = NetworkingApp;
			productReference = 70519C0F2800217700FA33B3 /* NetworkingApp.app */;
			productType = "com.apple.product-type.application";
		};
/* End PBXNativeTarget section */

/* Begin PBXProject section */
		70519C072800217700FA33B3 /* Project object */ = {
			isa = PBXProject;
			attributes = {
				BuildIndependentTargetsInParallel = 1;
				LastSwiftUpdateCheck = 1330;
				LastUpgradeCheck = 1330;
				TargetAttributes = {
					70519C0E2800217700FA33B3 = {
						CreatedOnToolsVersion = 13.3;
					};
				};
			};
			buildConfigurationList = 70519C0A2800217700FA33B3 /* Build configuration list for PBXProject "NetworkingApp" */;
			compatibilityVersion = "Xcode 13.0";
			developmentRegion = en;
			hasScannedForEncodings = 0;
			knownRegions = (
				en,
				Base,
			);
			mainGroup = 70519C062800217700FA33B3;
			packageReferences = (
			);
			productRefGroup = 70519C102800217700FA33B3 /* Products */;
			projectDirPath = "";
			projectRoot = "";
			targets = (
				70519C0E2800217700FA33B3 /* NetworkingApp */,
			);
		};
/* End PBXProject section */

/* Begin PBXResourcesBuildPhase section */
		70519C0D2800217700FA33B3 /* Resources */ = {
			isa = PBXResourcesBuildPhase;
			buildActionMask = 2147483647;
			files = (
				70519C1F2800217900FA33B3 /* LaunchScreen.storyboard in Resources */,
				70519C1C2800217900FA33B3 /* Assets.xcassets in Resources */,
				70519C1A2800217700FA33B3 /* Main.storyboard in Resources */,
			);
			runOnlyForDeploymentPostprocessing = 0;
		};
/* End PBXResourcesBuildPhase section */

/* Begin PBXSourcesBuildPhase section */
		70519C0B2800217700FA33B3 /* Sources */ = {
			isa = PBXSourcesBuildPhase;
			buildActionMask = 2147483647;
			files = (
				70E37CB2280AFF6E00427515 /* PopupViewController.swift in Sources */,
				703A0C112809274D00CF7076 /* ImageCache.swift in Sources */,
				70519C2F28009B7A00FA33B3 /* NetworkManager.swift in Sources */,
				70519C3228009D1C00FA33B3 /* Image.swift in Sources */,
				70519C172800217700FA33B3 /* MainViewController.swift in Sources */,
				70519C132800217700FA33B3 /* AppDelegate.swift in Sources */,
				70519C2B2800265C00FA33B3 /* ImageGalleryViewController.swift in Sources */,
				70519C362800AEE700FA33B3 /* CustomCell.swift in Sources */,
				70CB2D35281DF25C0069FB14 /* UIVIew+CAAnimation.swift in Sources */,
				70370F17281DEFB500C7E7F7 /* UIButton+CAAnimation.swift in Sources */,
				70519C152800217700FA33B3 /* SceneDelegate.swift in Sources */,
				709FA0EC280168F600240C9B /* AuthorInfoViewController.swift in Sources */,
				709FA0F028019C9B00240C9B /* RandomImageViewController.swift in Sources */,
			);
			runOnlyForDeploymentPostprocessing = 0;
		};
/* End PBXSourcesBuildPhase section */

/* Begin PBXVariantGroup section */
		70519C182800217700FA33B3 /* Main.storyboard */ = {
			isa = PBXVariantGroup;
			children = (
				70519C192800217700FA33B3 /* Base */,
			);
			name = Main.storyboard;
			sourceTree = "<group>";
		};
		70519C1D2800217900FA33B3 /* LaunchScreen.storyboard */ = {
			isa = PBXVariantGroup;
			children = (
				70519C1E2800217900FA33B3 /* Base */,
			);
			name = LaunchScreen.storyboard;
			sourceTree = "<group>";
		};
/* End PBXVariantGroup section */

/* Begin XCBuildConfiguration section */
		70519C212800217900FA33B3 /* Debug */ = {
			isa = XCBuildConfiguration;
			buildSettings = {
				ALWAYS_SEARCH_USER_PATHS = NO;
				CLANG_ANALYZER_NONNULL = YES;
				CLANG_ANALYZER_NUMBER_OBJECT_CONVERSION = YES_AGGRESSIVE;
				CLANG_CXX_LANGUAGE_STANDARD = "gnu++17";
				CLANG_ENABLE_MODULES = YES;
				CLANG_ENABLE_OBJC_ARC = YES;
				CLANG_ENABLE_OBJC_WEAK = YES;
				CLANG_WARN_BLOCK_CAPTURE_AUTORELEASING = YES;
				CLANG_WARN_BOOL_CONVERSION = YES;
				CLANG_WARN_COMMA = YES;
				CLANG_WARN_CONSTANT_CONVERSION = YES;
				CLANG_WARN_DEPRECATED_OBJC_IMPLEMENTATIONS = YES;
				CLANG_WARN_DIRECT_OBJC_ISA_USAGE = YES_ERROR;
				CLANG_WARN_DOCUMENTATION_COMMENTS = YES;
				CLANG_WARN_EMPTY_BODY = YES;
				CLANG_WARN_ENUM_CONVERSION = YES;
				CLANG_WARN_INFINITE_RECURSION = YES;
				CLANG_WARN_INT_CONVERSION = YES;
				CLANG_WARN_NON_LITERAL_NULL_CONVERSION = YES;
				CLANG_WARN_OBJC_IMPLICIT_RETAIN_SELF = YES;
				CLANG_WARN_OBJC_LITERAL_CONVERSION = YES;
				CLANG_WARN_OBJC_ROOT_CLASS = YES_ERROR;
				CLANG_WARN_QUOTED_INCLUDE_IN_FRAMEWORK_HEADER = YES;
				CLANG_WARN_RANGE_LOOP_ANALYSIS = YES;
				CLANG_WARN_STRICT_PROTOTYPES = YES;
				CLANG_WARN_SUSPICIOUS_MOVE = YES;
				CLANG_WARN_UNGUARDED_AVAILABILITY = YES_AGGRESSIVE;
				CLANG_WARN_UNREACHABLE_CODE = YES;
				CLANG_WARN__DUPLICATE_METHOD_MATCH = YES;
				COPY_PHASE_STRIP = NO;
				DEBUG_INFORMATION_FORMAT = dwarf;
				ENABLE_STRICT_OBJC_MSGSEND = YES;
				ENABLE_TESTABILITY = YES;
				GCC_C_LANGUAGE_STANDARD = gnu11;
				GCC_DYNAMIC_NO_PIC = NO;
				GCC_NO_COMMON_BLOCKS = YES;
				GCC_OPTIMIZATION_LEVEL = 0;
				GCC_PREPROCESSOR_DEFINITIONS = (
					"DEBUG=1",
					"$(inherited)",
				);
				GCC_WARN_64_TO_32_BIT_CONVERSION = YES;
				GCC_WARN_ABOUT_RETURN_TYPE = YES_ERROR;
				GCC_WARN_UNDECLARED_SELECTOR = YES;
				GCC_WARN_UNINITIALIZED_AUTOS = YES_AGGRESSIVE;
				GCC_WARN_UNUSED_FUNCTION = YES;
				GCC_WARN_UNUSED_VARIABLE = YES;
				IPHONEOS_DEPLOYMENT_TARGET = 15.4;
				MTL_ENABLE_DEBUG_INFO = INCLUDE_SOURCE;
				MTL_FAST_MATH = YES;
				ONLY_ACTIVE_ARCH = YES;
				SDKROOT = iphoneos;
				SWIFT_ACTIVE_COMPILATION_CONDITIONS = DEBUG;
				SWIFT_OPTIMIZATION_LEVEL = "-Onone";
			};
			name = Debug;
		};
		70519C222800217900FA33B3 /* Release */ = {
			isa = XCBuildConfiguration;
			buildSettings = {
				ALWAYS_SEARCH_USER_PATHS = NO;
				CLANG_ANALYZER_NONNULL = YES;
				CLANG_ANALYZER_NUMBER_OBJECT_CONVERSION = YES_AGGRESSIVE;
				CLANG_CXX_LANGUAGE_STANDARD = "gnu++17";
				CLANG_ENABLE_MODULES = YES;
				CLANG_ENABLE_OBJC_ARC = YES;
				CLANG_ENABLE_OBJC_WEAK = YES;
				CLANG_WARN_BLOCK_CAPTURE_AUTORELEASING = YES;
				CLANG_WARN_BOOL_CONVERSION = YES;
				CLANG_WARN_COMMA = YES;
				CLANG_WARN_CONSTANT_CONVERSION = YES;
				CLANG_WARN_DEPRECATED_OBJC_IMPLEMENTATIONS = YES;
				CLANG_WARN_DIRECT_OBJC_ISA_USAGE = YES_ERROR;
				CLANG_WARN_DOCUMENTATION_COMMENTS = YES;
				CLANG_WARN_EMPTY_BODY = YES;
				CLANG_WARN_ENUM_CONVERSION = YES;
				CLANG_WARN_INFINITE_RECURSION = YES;
				CLANG_WARN_INT_CONVERSION = YES;
				CLANG_WARN_NON_LITERAL_NULL_CONVERSION = YES;
				CLANG_WARN_OBJC_IMPLICIT_RETAIN_SELF = YES;
				CLANG_WARN_OBJC_LITERAL_CONVERSION = YES;
				CLANG_WARN_OBJC_ROOT_CLASS = YES_ERROR;
				CLANG_WARN_QUOTED_INCLUDE_IN_FRAMEWORK_HEADER = YES;
				CLANG_WARN_RANGE_LOOP_ANALYSIS = YES;
				CLANG_WARN_STRICT_PROTOTYPES = YES;
				CLANG_WARN_SUSPICIOUS_MOVE = YES;
				CLANG_WARN_UNGUARDED_AVAILABILITY = YES_AGGRESSIVE;
				CLANG_WARN_UNREACHABLE_CODE = YES;
				CLANG_WARN__DUPLICATE_METHOD_MATCH = YES;
				COPY_PHASE_STRIP = NO;
				DEBUG_INFORMATION_FORMAT = "dwarf-with-dsym";
				ENABLE_NS_ASSERTIONS = NO;
				ENABLE_STRICT_OBJC_MSGSEND = YES;
				GCC_C_LANGUAGE_STANDARD = gnu11;
				GCC_NO_COMMON_BLOCKS = YES;
				GCC_WARN_64_TO_32_BIT_CONVERSION = YES;
				GCC_WARN_ABOUT_RETURN_TYPE = YES_ERROR;
				GCC_WARN_UNDECLARED_SELECTOR = YES;
				GCC_WARN_UNINITIALIZED_AUTOS = YES_AGGRESSIVE;
				GCC_WARN_UNUSED_FUNCTION = YES;
				GCC_WARN_UNUSED_VARIABLE = YES;
				IPHONEOS_DEPLOYMENT_TARGET = 15.4;
				MTL_ENABLE_DEBUG_INFO = NO;
				MTL_FAST_MATH = YES;
				SDKROOT = iphoneos;
				SWIFT_COMPILATION_MODE = wholemodule;
				SWIFT_OPTIMIZATION_LEVEL = "-O";
				VALIDATE_PRODUCT = YES;
			};
			name = Release;
		};
		70519C242800217900FA33B3 /* Debug */ = {
			isa = XCBuildConfiguration;
			buildSettings = {
				ASSETCATALOG_COMPILER_APPICON_NAME = AppIcon;
				ASSETCATALOG_COMPILER_GLOBAL_ACCENT_COLOR_NAME = AccentColor;
				CODE_SIGN_STYLE = Automatic;
				CURRENT_PROJECT_VERSION = 1;
				DEVELOPMENT_TEAM = BS64CSG2MY;
				GENERATE_INFOPLIST_FILE = YES;
				INFOPLIST_FILE = NetworkingApp/App/Info.plist;
				INFOPLIST_KEY_CFBundleDisplayName = Images;
				INFOPLIST_KEY_UIApplicationSupportsIndirectInputEvents = YES;
				INFOPLIST_KEY_UILaunchStoryboardName = LaunchScreen;
				INFOPLIST_KEY_UIMainStoryboardFile = Main;
				INFOPLIST_KEY_UISupportedInterfaceOrientations_iPad = "UIInterfaceOrientationPortrait UIInterfaceOrientationPortraitUpsideDown UIInterfaceOrientationLandscapeLeft UIInterfaceOrientationLandscapeRight";
				INFOPLIST_KEY_UISupportedInterfaceOrientations_iPhone = UIInterfaceOrientationPortrait;
				LD_RUNPATH_SEARCH_PATHS = (
					"$(inherited)",
					"@executable_path/Frameworks",
				);
				MARKETING_VERSION = 1.0;
				PRODUCT_BUNDLE_IDENTIFIER = null.NetworkingApp;
				PRODUCT_NAME = "$(TARGET_NAME)";
				SWIFT_EMIT_LOC_STRINGS = YES;
				SWIFT_VERSION = 5.0;
				TARGETED_DEVICE_FAMILY = 1;
			};
			name = Debug;
		};
		70519C252800217900FA33B3 /* Release */ = {
			isa = XCBuildConfiguration;
			buildSettings = {
				ASSETCATALOG_COMPILER_APPICON_NAME = AppIcon;
				ASSETCATALOG_COMPILER_GLOBAL_ACCENT_COLOR_NAME = AccentColor;
				CODE_SIGN_STYLE = Automatic;
				CURRENT_PROJECT_VERSION = 1;
				DEVELOPMENT_TEAM = BS64CSG2MY;
				GENERATE_INFOPLIST_FILE = YES;
				INFOPLIST_FILE = NetworkingApp/App/Info.plist;
				INFOPLIST_KEY_CFBundleDisplayName = Images;
				INFOPLIST_KEY_UIApplicationSupportsIndirectInputEvents = YES;
				INFOPLIST_KEY_UILaunchStoryboardName = LaunchScreen;
				INFOPLIST_KEY_UIMainStoryboardFile = Main;
				INFOPLIST_KEY_UISupportedInterfaceOrientations_iPad = "UIInterfaceOrientationPortrait UIInterfaceOrientationPortraitUpsideDown UIInterfaceOrientationLandscapeLeft UIInterfaceOrientationLandscapeRight";
				INFOPLIST_KEY_UISupportedInterfaceOrientations_iPhone = UIInterfaceOrientationPortrait;
				LD_RUNPATH_SEARCH_PATHS = (
					"$(inherited)",
					"@executable_path/Frameworks",
				);
				MARKETING_VERSION = 1.0;
				PRODUCT_BUNDLE_IDENTIFIER = null.NetworkingApp;
				PRODUCT_NAME = "$(TARGET_NAME)";
				SWIFT_EMIT_LOC_STRINGS = YES;
				SWIFT_VERSION = 5.0;
				TARGETED_DEVICE_FAMILY = 1;
			};
			name = Release;
		};
/* End XCBuildConfiguration section */

/* Begin XCConfigurationList section */
		70519C0A2800217700FA33B3 /* Build configuration list for PBXProject "NetworkingApp" */ = {
			isa = XCConfigurationList;
			buildConfigurations = (
				70519C212800217900FA33B3 /* Debug */,
				70519C222800217900FA33B3 /* Release */,
			);
			defaultConfigurationIsVisible = 0;
			defaultConfigurationName = Release;
		};
		70519C232800217900FA33B3 /* Build configuration list for PBXNativeTarget "NetworkingApp" */ = {
			isa = XCConfigurationList;
			buildConfigurations = (
				70519C242800217900FA33B3 /* Debug */,
				70519C252800217900FA33B3 /* Release */,
			);
			defaultConfigurationIsVisible = 0;
			defaultConfigurationName = Release;
		};
/* End XCConfigurationList section */
	};
	rootObject = 70519C072800217700FA33B3 /* Project object */;
}
